// !$*UTF8*$!
{
	archiveVersion = 1;
	classes = {
	};
	objectVersion = 48;
	objects = {

/* Begin PBXBuildFile section */
		A3532C4E205337A800CE6860 /* MainCoordinator.swift in Sources */ = {isa = PBXBuildFile; fileRef = A3532C4D205337A800CE6860 /* MainCoordinator.swift */; };
		A379B32F202D0442001B5648 /* Coordinator.swift in Sources */ = {isa = PBXBuildFile; fileRef = A379B32E202D0442001B5648 /* Coordinator.swift */; };
		A379B3312030ACAC001B5648 /* AppCoordinator.swift in Sources */ = {isa = PBXBuildFile; fileRef = A379B3302030ACAC001B5648 /* AppCoordinator.swift */; };
		A3A5B5D0203305D3002D33D1 /* LoginCoordinator.swift in Sources */ = {isa = PBXBuildFile; fileRef = A3A5B5CF203305D3002D33D1 /* LoginCoordinator.swift */; };
		A3A6A39C205B1693004E7999 /* RegistrationViewModel.swift in Sources */ = {isa = PBXBuildFile; fileRef = A3A6A39B205B1693004E7999 /* RegistrationViewModel.swift */; };
		A3A6A39E205B16B1004E7999 /* RegistrationViewController.swift in Sources */ = {isa = PBXBuildFile; fileRef = A3A6A39D205B16B1004E7999 /* RegistrationViewController.swift */; };
		A3A6A3A3205B28FA004E7999 /* Observable.swift in Sources */ = {isa = PBXBuildFile; fileRef = A3A6A3A2205B28FA004E7999 /* Observable.swift */; };
		A3A794D7202CE2F50039FB0B /* AppDelegate.swift in Sources */ = {isa = PBXBuildFile; fileRef = A3A794D6202CE2F50039FB0B /* AppDelegate.swift */; };
		A3A794DE202CE2F50039FB0B /* Assets.xcassets in Resources */ = {isa = PBXBuildFile; fileRef = A3A794DD202CE2F50039FB0B /* Assets.xcassets */; };
		A3A794E1202CE2F50039FB0B /* LaunchScreen.storyboard in Resources */ = {isa = PBXBuildFile; fileRef = A3A794DF202CE2F50039FB0B /* LaunchScreen.storyboard */; };
		A3A794EC202CE2F60039FB0B /* AuthenticationServiceTests.swift in Sources */ = {isa = PBXBuildFile; fileRef = A3A794EB202CE2F60039FB0B /* AuthenticationServiceTests.swift */; };
		A3A794F7202CE2F60039FB0B /* mvvmcUITests.swift in Sources */ = {isa = PBXBuildFile; fileRef = A3A794F6202CE2F60039FB0B /* mvvmcUITests.swift */; };
		A3A79506202CE9640039FB0B /* LoginViewController.swift in Sources */ = {isa = PBXBuildFile; fileRef = A3A79505202CE9640039FB0B /* LoginViewController.swift */; };
		A3A79508202CE9850039FB0B /* LoginViewModel.swift in Sources */ = {isa = PBXBuildFile; fileRef = A3A79507202CE9850039FB0B /* LoginViewModel.swift */; };
/* End PBXBuildFile section */

/* Begin PBXContainerItemProxy section */
		A3A794E8202CE2F60039FB0B /* PBXContainerItemProxy */ = {
			isa = PBXContainerItemProxy;
			containerPortal = A3A794CB202CE2F50039FB0B /* Project object */;
			proxyType = 1;
			remoteGlobalIDString = A3A794D2202CE2F50039FB0B;
			remoteInfo = mvvmc;
		};
		A3A794F3202CE2F60039FB0B /* PBXContainerItemProxy */ = {
			isa = PBXContainerItemProxy;
			containerPortal = A3A794CB202CE2F50039FB0B /* Project object */;
			proxyType = 1;
			remoteGlobalIDString = A3A794D2202CE2F50039FB0B;
			remoteInfo = mvvmc;
		};
/* End PBXContainerItemProxy section */

/* Begin PBXFileReference section */
		A3532C4D205337A800CE6860 /* MainCoordinator.swift */ = {isa = PBXFileReference; lastKnownFileType = sourcecode.swift; path = MainCoordinator.swift; sourceTree = "<group>"; };
		A379B32E202D0442001B5648 /* Coordinator.swift */ = {isa = PBXFileReference; lastKnownFileType = sourcecode.swift; path = Coordinator.swift; sourceTree = "<group>"; };
		A379B3302030ACAC001B5648 /* AppCoordinator.swift */ = {isa = PBXFileReference; lastKnownFileType = sourcecode.swift; path = AppCoordinator.swift; sourceTree = "<group>"; };
		A3A5B5CF203305D3002D33D1 /* LoginCoordinator.swift */ = {isa = PBXFileReference; lastKnownFileType = sourcecode.swift; path = LoginCoordinator.swift; sourceTree = "<group>"; };
		A3A6A39B205B1693004E7999 /* RegistrationViewModel.swift */ = {isa = PBXFileReference; lastKnownFileType = sourcecode.swift; path = RegistrationViewModel.swift; sourceTree = "<group>"; };
		A3A6A39D205B16B1004E7999 /* RegistrationViewController.swift */ = {isa = PBXFileReference; lastKnownFileType = sourcecode.swift; path = RegistrationViewController.swift; sourceTree = "<group>"; };
		A3A6A3A2205B28FA004E7999 /* Observable.swift */ = {isa = PBXFileReference; fileEncoding = 4; lastKnownFileType = sourcecode.swift; name = Observable.swift; path = ../../dfl/Bundesliga/Bundesliga/Utils/Observable.swift; sourceTree = "<group>"; };
		A3A794D3202CE2F50039FB0B /* mvvmc.app */ = {isa = PBXFileReference; explicitFileType = wrapper.application; includeInIndex = 0; path = mvvmc.app; sourceTree = BUILT_PRODUCTS_DIR; };
		A3A794D6202CE2F50039FB0B /* AppDelegate.swift */ = {isa = PBXFileReference; lastKnownFileType = sourcecode.swift; path = AppDelegate.swift; sourceTree = "<group>"; };
		A3A794DD202CE2F50039FB0B /* Assets.xcassets */ = {isa = PBXFileReference; lastKnownFileType = folder.assetcatalog; path = Assets.xcassets; sourceTree = "<group>"; };
		A3A794E0202CE2F50039FB0B /* Base */ = {isa = PBXFileReference; lastKnownFileType = file.storyboard; name = Base; path = Base.lproj/LaunchScreen.storyboard; sourceTree = "<group>"; };
		A3A794E2202CE2F50039FB0B /* Info.plist */ = {isa = PBXFileReference; lastKnownFileType = text.plist.xml; path = Info.plist; sourceTree = "<group>"; };
		A3A794E7202CE2F60039FB0B /* mvvmcTests.xctest */ = {isa = PBXFileReference; explicitFileType = wrapper.cfbundle; includeInIndex = 0; path = mvvmcTests.xctest; sourceTree = BUILT_PRODUCTS_DIR; };
		A3A794EB202CE2F60039FB0B /* AuthenticationServiceTests.swift */ = {isa = PBXFileReference; lastKnownFileType = sourcecode.swift; path = AuthenticationServiceTests.swift; sourceTree = "<group>"; };
		A3A794ED202CE2F60039FB0B /* Info.plist */ = {isa = PBXFileReference; lastKnownFileType = text.plist.xml; path = Info.plist; sourceTree = "<group>"; };
		A3A794F2202CE2F60039FB0B /* mvvmcUITests.xctest */ = {isa = PBXFileReference; explicitFileType = wrapper.cfbundle; includeInIndex = 0; path = mvvmcUITests.xctest; sourceTree = BUILT_PRODUCTS_DIR; };
		A3A794F6202CE2F60039FB0B /* mvvmcUITests.swift */ = {isa = PBXFileReference; lastKnownFileType = sourcecode.swift; path = mvvmcUITests.swift; sourceTree = "<group>"; };
		A3A794F8202CE2F60039FB0B /* Info.plist */ = {isa = PBXFileReference; lastKnownFileType = text.plist.xml; path = Info.plist; sourceTree = "<group>"; };
		A3A79505202CE9640039FB0B /* LoginViewController.swift */ = {isa = PBXFileReference; lastKnownFileType = sourcecode.swift; path = LoginViewController.swift; sourceTree = "<group>"; };
		A3A79507202CE9850039FB0B /* LoginViewModel.swift */ = {isa = PBXFileReference; lastKnownFileType = sourcecode.swift; path = LoginViewModel.swift; sourceTree = "<group>"; };
/* End PBXFileReference section */

/* Begin PBXFrameworksBuildPhase section */
		A3A794D0202CE2F50039FB0B /* Frameworks */ = {
			isa = PBXFrameworksBuildPhase;
			buildActionMask = 2147483647;
			files = (
			);
			runOnlyForDeploymentPostprocessing = 0;
		};
		A3A794E4202CE2F60039FB0B /* Frameworks */ = {
			isa = PBXFrameworksBuildPhase;
			buildActionMask = 2147483647;
			files = (
			);
			runOnlyForDeploymentPostprocessing = 0;
		};
		A3A794EF202CE2F60039FB0B /* Frameworks */ = {
			isa = PBXFrameworksBuildPhase;
			buildActionMask = 2147483647;
			files = (
			);
			runOnlyForDeploymentPostprocessing = 0;
		};
/* End PBXFrameworksBuildPhase section */

/* Begin PBXGroup section */
		A3A6A399205B166A004E7999 /* Login */ = {
			isa = PBXGroup;
			children = (
				A3A79505202CE9640039FB0B /* LoginViewController.swift */,
				A3A79507202CE9850039FB0B /* LoginViewModel.swift */,
			);
			path = Login;
			sourceTree = "<group>";
		};
		A3A6A39A205B1678004E7999 /* Registration */ = {
			isa = PBXGroup;
			children = (
				A3A6A39B205B1693004E7999 /* RegistrationViewModel.swift */,
				A3A6A39D205B16B1004E7999 /* RegistrationViewController.swift */,
			);
			path = Registration;
			sourceTree = "<group>";
		};
		A3A794CA202CE2F50039FB0B = {
			isa = PBXGroup;
			children = (
				A3A794D5202CE2F50039FB0B /* mvvmc */,
				A3A794EA202CE2F60039FB0B /* mvvmcTests */,
				A3A794F5202CE2F60039FB0B /* mvvmcUITests */,
				A3A794D4202CE2F50039FB0B /* Products */,
			);
			sourceTree = "<group>";
		};
		A3A794D4202CE2F50039FB0B /* Products */ = {
			isa = PBXGroup;
			children = (
				A3A794D3202CE2F50039FB0B /* mvvmc.app */,
				A3A794E7202CE2F60039FB0B /* mvvmcTests.xctest */,
				A3A794F2202CE2F60039FB0B /* mvvmcUITests.xctest */,
			);
			name = Products;
			sourceTree = "<group>";
		};
		A3A794D5202CE2F50039FB0B /* mvvmc */ = {
			isa = PBXGroup;
			children = (
				A3A794D6202CE2F50039FB0B /* AppDelegate.swift */,
				A379B32E202D0442001B5648 /* Coordinator.swift */,
				A379B3302030ACAC001B5648 /* AppCoordinator.swift */,
				A3532C4D205337A800CE6860 /* MainCoordinator.swift */,
				A3A6A3A2205B28FA004E7999 /* Observable.swift */,
				A3A79504202CE93D0039FB0B /* Login */,
				A3A794DD202CE2F50039FB0B /* Assets.xcassets */,
				A3A794DF202CE2F50039FB0B /* LaunchScreen.storyboard */,
				A3A794E2202CE2F50039FB0B /* Info.plist */,
			);
			path = mvvmc;
			sourceTree = "<group>";
		};
		A3A794EA202CE2F60039FB0B /* mvvmcTests */ = {
			isa = PBXGroup;
			children = (
				A3A794EB202CE2F60039FB0B /* AuthenticationServiceTests.swift */,
				A3A794ED202CE2F60039FB0B /* Info.plist */,
			);
			path = mvvmcTests;
			sourceTree = "<group>";
		};
		A3A794F5202CE2F60039FB0B /* mvvmcUITests */ = {
			isa = PBXGroup;
			children = (
				A3A794F6202CE2F60039FB0B /* mvvmcUITests.swift */,
				A3A794F8202CE2F60039FB0B /* Info.plist */,
			);
			path = mvvmcUITests;
			sourceTree = "<group>";
		};
		A3A79504202CE93D0039FB0B /* Login */ = {
			isa = PBXGroup;
			children = (
				A3A6A399205B166A004E7999 /* Login */,
				A3A6A39A205B1678004E7999 /* Registration */,
				A3A5B5CF203305D3002D33D1 /* LoginCoordinator.swift */,
			);
			path = Login;
			sourceTree = "<group>";
		};
/* End PBXGroup section */

/* Begin PBXNativeTarget section */
		A3A794D2202CE2F50039FB0B /* mvvmc */ = {
			isa = PBXNativeTarget;
			buildConfigurationList = A3A794FB202CE2F60039FB0B /* Build configuration list for PBXNativeTarget "mvvmc" */;
			buildPhases = (
				A3A794CF202CE2F50039FB0B /* Sources */,
				A3A794D0202CE2F50039FB0B /* Frameworks */,
				A3A794D1202CE2F50039FB0B /* Resources */,
			);
			buildRules = (
			);
			dependencies = (
			);
			name = mvvmc;
			productName = mvvmc;
			productReference = A3A794D3202CE2F50039FB0B /* mvvmc.app */;
			productType = "com.apple.product-type.application";
		};
		A3A794E6202CE2F60039FB0B /* mvvmcTests */ = {
			isa = PBXNativeTarget;
			buildConfigurationList = A3A794FE202CE2F60039FB0B /* Build configuration list for PBXNativeTarget "mvvmcTests" */;
			buildPhases = (
				A3A794E3202CE2F60039FB0B /* Sources */,
				A3A794E4202CE2F60039FB0B /* Frameworks */,
				A3A794E5202CE2F60039FB0B /* Resources */,
			);
			buildRules = (
			);
			dependencies = (
				A3A794E9202CE2F60039FB0B /* PBXTargetDependency */,
			);
			name = mvvmcTests;
			productName = mvvmcTests;
			productReference = A3A794E7202CE2F60039FB0B /* mvvmcTests.xctest */;
			productType = "com.apple.product-type.bundle.unit-test";
		};
		A3A794F1202CE2F60039FB0B /* mvvmcUITests */ = {
			isa = PBXNativeTarget;
			buildConfigurationList = A3A79501202CE2F60039FB0B /* Build configuration list for PBXNativeTarget "mvvmcUITests" */;
			buildPhases = (
				A3A794EE202CE2F60039FB0B /* Sources */,
				A3A794EF202CE2F60039FB0B /* Frameworks */,
				A3A794F0202CE2F60039FB0B /* Resources */,
			);
			buildRules = (
			);
			dependencies = (
				A3A794F4202CE2F60039FB0B /* PBXTargetDependency */,
			);
			name = mvvmcUITests;
			productName = mvvmcUITests;
			productReference = A3A794F2202CE2F60039FB0B /* mvvmcUITests.xctest */;
			productType = "com.apple.product-type.bundle.ui-testing";
		};
/* End PBXNativeTarget section */

/* Begin PBXProject section */
		A3A794CB202CE2F50039FB0B /* Project object */ = {
			isa = PBXProject;
			attributes = {
				LastSwiftUpdateCheck = 0920;
				LastUpgradeCheck = 0920;
				TargetAttributes = {
					A3A794D2202CE2F50039FB0B = {
						CreatedOnToolsVersion = 9.2;
						ProvisioningStyle = Manual;
					};
					A3A794E6202CE2F60039FB0B = {
						CreatedOnToolsVersion = 9.2;
						ProvisioningStyle = Automatic;
						TestTargetID = A3A794D2202CE2F50039FB0B;
					};
					A3A794F1202CE2F60039FB0B = {
						CreatedOnToolsVersion = 9.2;
						ProvisioningStyle = Automatic;
						TestTargetID = A3A794D2202CE2F50039FB0B;
					};
				};
			};
			buildConfigurationList = A3A794CE202CE2F50039FB0B /* Build configuration list for PBXProject "mvvmc" */;
			compatibilityVersion = "Xcode 8.0";
			developmentRegion = en;
			hasScannedForEncodings = 0;
			knownRegions = (
				en,
				Base,
			);
			mainGroup = A3A794CA202CE2F50039FB0B;
			productRefGroup = A3A794D4202CE2F50039FB0B /* Products */;
			projectDirPath = "";
			projectRoot = "";
			targets = (
				A3A794D2202CE2F50039FB0B /* mvvmc */,
				A3A794E6202CE2F60039FB0B /* mvvmcTests */,
				A3A794F1202CE2F60039FB0B /* mvvmcUITests */,
			);
		};
/* End PBXProject section */

/* Begin PBXResourcesBuildPhase section */
		A3A794D1202CE2F50039FB0B /* Resources */ = {
			isa = PBXResourcesBuildPhase;
			buildActionMask = 2147483647;
			files = (
				A3A794E1202CE2F50039FB0B /* LaunchScreen.storyboard in Resources */,
				A3A794DE202CE2F50039FB0B /* Assets.xcassets in Resources */,
			);
			runOnlyForDeploymentPostprocessing = 0;
		};
		A3A794E5202CE2F60039FB0B /* Resources */ = {
			isa = PBXResourcesBuildPhase;
			buildActionMask = 2147483647;
			files = (
			);
			runOnlyForDeploymentPostprocessing = 0;
		};
		A3A794F0202CE2F60039FB0B /* Resources */ = {
			isa = PBXResourcesBuildPhase;
			buildActionMask = 2147483647;
			files = (
			);
			runOnlyForDeploymentPostprocessing = 0;
		};
/* End PBXResourcesBuildPhase section */

/* Begin PBXSourcesBuildPhase section */
		A3A794CF202CE2F50039FB0B /* Sources */ = {
			isa = PBXSourcesBuildPhase;
			buildActionMask = 2147483647;
			files = (
				A3A6A39C205B1693004E7999 /* RegistrationViewModel.swift in Sources */,
				A3A6A39E205B16B1004E7999 /* RegistrationViewController.swift in Sources */,
				A379B3312030ACAC001B5648 /* AppCoordinator.swift in Sources */,
				A3A79506202CE9640039FB0B /* LoginViewController.swift in Sources */,
				A3A794D7202CE2F50039FB0B /* AppDelegate.swift in Sources */,
				A379B32F202D0442001B5648 /* Coordinator.swift in Sources */,
				A3A6A3A3205B28FA004E7999 /* Observable.swift in Sources */,
				A3532C4E205337A800CE6860 /* MainCoordinator.swift in Sources */,
				A3A79508202CE9850039FB0B /* LoginViewModel.swift in Sources */,
				A3A5B5D0203305D3002D33D1 /* LoginCoordinator.swift in Sources */,
			);
			runOnlyForDeploymentPostprocessing = 0;
		};
		A3A794E3202CE2F60039FB0B /* Sources */ = {
			isa = PBXSourcesBuildPhase;
			buildActionMask = 2147483647;
			files = (
				A3A794EC202CE2F60039FB0B /* AuthenticationServiceTests.swift in Sources */,
			);
			runOnlyForDeploymentPostprocessing = 0;
		};
		A3A794EE202CE2F60039FB0B /* Sources */ = {
			isa = PBXSourcesBuildPhase;
			buildActionMask = 2147483647;
			files = (
				A3A794F7202CE2F60039FB0B /* mvvmcUITests.swift in Sources */,
			);
			runOnlyForDeploymentPostprocessing = 0;
		};
/* End PBXSourcesBuildPhase section */

/* Begin PBXTargetDependency section */
		A3A794E9202CE2F60039FB0B /* PBXTargetDependency */ = {
			isa = PBXTargetDependency;
			target = A3A794D2202CE2F50039FB0B /* mvvmc */;
			targetProxy = A3A794E8202CE2F60039FB0B /* PBXContainerItemProxy */;
		};
		A3A794F4202CE2F60039FB0B /* PBXTargetDependency */ = {
			isa = PBXTargetDependency;
			target = A3A794D2202CE2F50039FB0B /* mvvmc */;
			targetProxy = A3A794F3202CE2F60039FB0B /* PBXContainerItemProxy */;
		};
/* End PBXTargetDependency section */

/* Begin PBXVariantGroup section */
		A3A794DF202CE2F50039FB0B /* LaunchScreen.storyboard */ = {
			isa = PBXVariantGroup;
			children = (
				A3A794E0202CE2F50039FB0B /* Base */,
			);
			name = LaunchScreen.storyboard;
			sourceTree = "<group>";
		};
/* End PBXVariantGroup section */

/* Begin XCBuildConfiguration section */
		A3A794F9202CE2F60039FB0B /* Debug */ = {
			isa = XCBuildConfiguration;
			buildSettings = {
				ALWAYS_SEARCH_USER_PATHS = NO;
				CLANG_ANALYZER_NONNULL = YES;
				CLANG_ANALYZER_NUMBER_OBJECT_CONVERSION = YES_AGGRESSIVE;
				CLANG_CXX_LANGUAGE_STANDARD = "gnu++14";
				CLANG_CXX_LIBRARY = "libc++";
				CLANG_ENABLE_MODULES = YES;
				CLANG_ENABLE_OBJC_ARC = YES;
				CLANG_WARN_BLOCK_CAPTURE_AUTORELEASING = YES;
				CLANG_WARN_BOOL_CONVERSION = YES;
				CLANG_WARN_COMMA = YES;
				CLANG_WARN_CONSTANT_CONVERSION = YES;
				CLANG_WARN_DIRECT_OBJC_ISA_USAGE = YES_ERROR;
				CLANG_WARN_DOCUMENTATION_COMMENTS = YES;
				CLANG_WARN_EMPTY_BODY = YES;
				CLANG_WARN_ENUM_CONVERSION = YES;
				CLANG_WARN_INFINITE_RECURSION = YES;
				CLANG_WARN_INT_CONVERSION = YES;
				CLANG_WARN_NON_LITERAL_NULL_CONVERSION = YES;
				CLANG_WARN_OBJC_LITERAL_CONVERSION = YES;
				CLANG_WARN_OBJC_ROOT_CLASS = YES_ERROR;
				CLANG_WARN_RANGE_LOOP_ANALYSIS = YES;
				CLANG_WARN_STRICT_PROTOTYPES = YES;
				CLANG_WARN_SUSPICIOUS_MOVE = YES;
				CLANG_WARN_UNGUARDED_AVAILABILITY = YES_AGGRESSIVE;
				CLANG_WARN_UNREACHABLE_CODE = YES;
				CLANG_WARN__DUPLICATE_METHOD_MATCH = YES;
				CODE_SIGN_IDENTITY = "iPhone Developer";
				COPY_PHASE_STRIP = NO;
				DEBUG_INFORMATION_FORMAT = dwarf;
				ENABLE_STRICT_OBJC_MSGSEND = YES;
				ENABLE_TESTABILITY = YES;
				GCC_C_LANGUAGE_STANDARD = gnu11;
				GCC_DYNAMIC_NO_PIC = NO;
				GCC_NO_COMMON_BLOCKS = YES;
				GCC_OPTIMIZATION_LEVEL = 0;
				GCC_PREPROCESSOR_DEFINITIONS = (
					"DEBUG=1",
					"$(inherited)",
				);
				GCC_WARN_64_TO_32_BIT_CONVERSION = YES;
				GCC_WARN_ABOUT_RETURN_TYPE = YES_ERROR;
				GCC_WARN_UNDECLARED_SELECTOR = YES;
				GCC_WARN_UNINITIALIZED_AUTOS = YES_AGGRESSIVE;
				GCC_WARN_UNUSED_FUNCTION = YES;
				GCC_WARN_UNUSED_VARIABLE = YES;
				IPHONEOS_DEPLOYMENT_TARGET = 11.2;
				MTL_ENABLE_DEBUG_INFO = YES;
				ONLY_ACTIVE_ARCH = YES;
				SDKROOT = iphoneos;
				SWIFT_ACTIVE_COMPILATION_CONDITIONS = DEBUG;
				SWIFT_OPTIMIZATION_LEVEL = "-Onone";
			};
			name = Debug;
		};
		A3A794FA202CE2F60039FB0B /* Release */ = {
			isa = XCBuildConfiguration;
			buildSettings = {
				ALWAYS_SEARCH_USER_PATHS = NO;
				CLANG_ANALYZER_NONNULL = YES;
				CLANG_ANALYZER_NUMBER_OBJECT_CONVERSION = YES_AGGRESSIVE;
				CLANG_CXX_LANGUAGE_STANDARD = "gnu++14";
				CLANG_CXX_LIBRARY = "libc++";
				CLANG_ENABLE_MODULES = YES;
				CLANG_ENABLE_OBJC_ARC = YES;
				CLANG_WARN_BLOCK_CAPTURE_AUTORELEASING = YES;
				CLANG_WARN_BOOL_CONVERSION = YES;
				CLANG_WARN_COMMA = YES;
				CLANG_WARN_CONSTANT_CONVERSION = YES;
				CLANG_WARN_DIRECT_OBJC_ISA_USAGE = YES_ERROR;
				CLANG_WARN_DOCUMENTATION_COMMENTS = YES;
				CLANG_WARN_EMPTY_BODY = YES;
				CLANG_WARN_ENUM_CONVERSION = YES;
				CLANG_WARN_INFINITE_RECURSION = YES;
				CLANG_WARN_INT_CONVERSION = YES;
				CLANG_WARN_NON_LITERAL_NULL_CONVERSION = YES;
				CLANG_WARN_OBJC_LITERAL_CONVERSION = YES;
				CLANG_WARN_OBJC_ROOT_CLASS = YES_ERROR;
				CLANG_WARN_RANGE_LOOP_ANALYSIS = YES;
				CLANG_WARN_STRICT_PROTOTYPES = YES;
				CLANG_WARN_SUSPICIOUS_MOVE = YES;
				CLANG_WARN_UNGUARDED_AVAILABILITY = YES_AGGRESSIVE;
				CLANG_WARN_UNREACHABLE_CODE = YES;
				CLANG_WARN__DUPLICATE_METHOD_MATCH = YES;
				CODE_SIGN_IDENTITY = "iPhone Developer";
				COPY_PHASE_STRIP = NO;
				DEBUG_INFORMATION_FORMAT = "dwarf-with-dsym";
				ENABLE_NS_ASSERTIONS = NO;
				ENABLE_STRICT_OBJC_MSGSEND = YES;
				GCC_C_LANGUAGE_STANDARD = gnu11;
				GCC_NO_COMMON_BLOCKS = YES;
				GCC_WARN_64_TO_32_BIT_CONVERSION = YES;
				GCC_WARN_ABOUT_RETURN_TYPE = YES_ERROR;
				GCC_WARN_UNDECLARED_SELECTOR = YES;
				GCC_WARN_UNINITIALIZED_AUTOS = YES_AGGRESSIVE;
				GCC_WARN_UNUSED_FUNCTION = YES;
				GCC_WARN_UNUSED_VARIABLE = YES;
				IPHONEOS_DEPLOYMENT_TARGET = 11.2;
				MTL_ENABLE_DEBUG_INFO = NO;
				SDKROOT = iphoneos;
				SWIFT_OPTIMIZATION_LEVEL = "-Owholemodule";
				VALIDATE_PRODUCT = YES;
			};
			name = Release;
		};
		A3A794FC202CE2F60039FB0B /* Debug */ = {
			isa = XCBuildConfiguration;
			buildSettings = {
				ASSETCATALOG_COMPILER_APPICON_NAME = AppIcon;
				CODE_SIGN_STYLE = Manual;
				DEVELOPMENT_TEAM = "";
				INFOPLIST_FILE = mvvmc/Info.plist;
				LD_RUNPATH_SEARCH_PATHS = "$(inherited) @executable_path/Frameworks";
				PRODUCT_BUNDLE_IDENTIFIER = de.andreaskern.mvvmc;
				PRODUCT_NAME = "$(TARGET_NAME)";
				PROVISIONING_PROFILE_SPECIFIER = "";
				SWIFT_VERSION = 4.0;
				TARGETED_DEVICE_FAMILY = "1,2";
			};
			name = Debug;
		};
		A3A794FD202CE2F60039FB0B /* Release */ = {
			isa = XCBuildConfiguration;
			buildSettings = {
				ASSETCATALOG_COMPILER_APPICON_NAME = AppIcon;
				CODE_SIGN_STYLE = Manual;
				DEVELOPMENT_TEAM = "";
				INFOPLIST_FILE = mvvmc/Info.plist;
				LD_RUNPATH_SEARCH_PATHS = "$(inherited) @executable_path/Frameworks";
				PRODUCT_BUNDLE_IDENTIFIER = de.andreaskern.mvvmc;
				PRODUCT_NAME = "$(TARGET_NAME)";
				PROVISIONING_PROFILE_SPECIFIER = "";
				SWIFT_VERSION = 4.0;
				TARGETED_DEVICE_FAMILY = "1,2";
			};
			name = Release;
		};
		A3A794FF202CE2F60039FB0B /* Debug */ = {
			isa = XCBuildConfiguration;
			buildSettings = {
				ALWAYS_EMBED_SWIFT_STANDARD_LIBRARIES = YES;
				BUNDLE_LOADER = "$(TEST_HOST)";
				CODE_SIGN_STYLE = Automatic;
				INFOPLIST_FILE = mvvmcTests/Info.plist;
				LD_RUNPATH_SEARCH_PATHS = "$(inherited) @executable_path/Frameworks @loader_path/Frameworks";
				PRODUCT_BUNDLE_IDENTIFIER = de.andreaskern.mvvmcTests;
				PRODUCT_NAME = "$(TARGET_NAME)";
				SWIFT_VERSION = 4.0;
				TARGETED_DEVICE_FAMILY = "1,2";
				TEST_HOST = "$(BUILT_PRODUCTS_DIR)/mvvmc.app/mvvmc";
			};
			name = Debug;
		};
		A3A79500202CE2F60039FB0B /* Release */ = {
			isa = XCBuildConfiguration;
			buildSettings = {
				ALWAYS_EMBED_SWIFT_STANDARD_LIBRARIES = YES;
				BUNDLE_LOADER = "$(TEST_HOST)";
				CODE_SIGN_STYLE = Automatic;
				INFOPLIST_FILE = mvvmcTests/Info.plist;
				LD_RUNPATH_SEARCH_PATHS = "$(inherited) @executable_path/Frameworks @loader_path/Frameworks";
				PRODUCT_BUNDLE_IDENTIFIER = de.andreaskern.mvvmcTests;
				PRODUCT_NAME = "$(TARGET_NAME)";
				SWIFT_VERSION = 4.0;
				TARGETED_DEVICE_FAMILY = "1,2";
				TEST_HOST = "$(BUILT_PRODUCTS_DIR)/mvvmc.app/mvvmc";
			};
			name = Release;
		};
		A3A79502202CE2F60039FB0B /* Debug */ = {
			isa = XCBuildConfiguration;
			buildSettings = {
				ALWAYS_EMBED_SWIFT_STANDARD_LIBRARIES = YES;
				CODE_SIGN_STYLE = Automatic;
				INFOPLIST_FILE = mvvmcUITests/Info.plist;
				LD_RUNPATH_SEARCH_PATHS = "$(inherited) @executable_path/Frameworks @loader_path/Frameworks";
				PRODUCT_BUNDLE_IDENTIFIER = de.andreaskern.mvvmcUITests;
				PRODUCT_NAME = "$(TARGET_NAME)";
				SWIFT_VERSION = 4.0;
				TARGETED_DEVICE_FAMILY = "1,2";
				TEST_TARGET_NAME = mvvmc;
			};
			name = Debug;
		};
		A3A79503202CE2F60039FB0B /* Release */ = {
			isa = XCBuildConfiguration;
			buildSettings = {
				ALWAYS_EMBED_SWIFT_STANDARD_LIBRARIES = YES;
				CODE_SIGN_STYLE = Automatic;
				INFOPLIST_FILE = mvvmcUITests/Info.plist;
				LD_RUNPATH_SEARCH_PATHS = "$(inherited) @executable_path/Frameworks @loader_path/Frameworks";
				PRODUCT_BUNDLE_IDENTIFIER = de.andreaskern.mvvmcUITests;
				PRODUCT_NAME = "$(TARGET_NAME)";
				SWIFT_VERSION = 4.0;
				TARGETED_DEVICE_FAMILY = "1,2";
				TEST_TARGET_NAME = mvvmc;
			};
			name = Release;
		};
/* End XCBuildConfiguration section */

/* Begin XCConfigurationList section */
		A3A794CE202CE2F50039FB0B /* Build configuration list for PBXProject "mvvmc" */ = {
			isa = XCConfigurationList;
			buildConfigurations = (
				A3A794F9202CE2F60039FB0B /* Debug */,
				A3A794FA202CE2F60039FB0B /* Release */,
			);
			defaultConfigurationIsVisible = 0;
			defaultConfigurationName = Release;
		};
		A3A794FB202CE2F60039FB0B /* Build configuration list for PBXNativeTarget "mvvmc" */ = {
			isa = XCConfigurationList;
			buildConfigurations = (
				A3A794FC202CE2F60039FB0B /* Debug */,
				A3A794FD202CE2F60039FB0B /* Release */,
			);
			defaultConfigurationIsVisible = 0;
			defaultConfigurationName = Release;
		};
		A3A794FE202CE2F60039FB0B /* Build configuration list for PBXNativeTarget "mvvmcTests" */ = {
			isa = XCConfigurationList;
			buildConfigurations = (
				A3A794FF202CE2F60039FB0B /* Debug */,
				A3A79500202CE2F60039FB0B /* Release */,
			);
			defaultConfigurationIsVisible = 0;
			defaultConfigurationName = Release;
		};
		A3A79501202CE2F60039FB0B /* Build configuration list for PBXNativeTarget "mvvmcUITests" */ = {
			isa = XCConfigurationList;
			buildConfigurations = (
				A3A79502202CE2F60039FB0B /* Debug */,
				A3A79503202CE2F60039FB0B /* Release */,
			);
			defaultConfigurationIsVisible = 0;
			defaultConfigurationName = Release;
		};
/* End XCConfigurationList section */
	};
	rootObject = A3A794CB202CE2F50039FB0B /* Project object */;
}
